# THIS IS AN AUTOGENERATED FILE. DO NOT EDIT THIS FILE DIRECTLY.
# yarn lockfile v1


"@aws-crypto/ie11-detection@^2.0.0":
  version "2.0.0"
  resolved "https://registry.yarnpkg.com/@aws-crypto/ie11-detection/-/ie11-detection-2.0.0.tgz#bb6c2facf8f03457e949dcf0921477397ffa4c6e"
  integrity sha512-pkVXf/dq6PITJ0jzYZ69VhL8VFOFoPZLZqtU/12SGnzYuJOOGNfF41q9GxdI1yqC8R13Rq3jOLKDFpUJFT5eTA==
  dependencies:
    tslib "^1.11.1"

"@aws-crypto/sha256-browser@2.0.0":
  version "2.0.0"
  resolved "https://registry.yarnpkg.com/@aws-crypto/sha256-browser/-/sha256-browser-2.0.0.tgz#741c9024df55ec59b51e5b1f5d806a4852699fb5"
  integrity sha512-rYXOQ8BFOaqMEHJrLHul/25ckWH6GTJtdLSajhlqGMx0PmSueAuvboCuZCTqEKlxR8CQOwRarxYMZZSYlhRA1A==
  dependencies:
    "@aws-crypto/ie11-detection" "^2.0.0"
    "@aws-crypto/sha256-js" "^2.0.0"
    "@aws-crypto/supports-web-crypto" "^2.0.0"
    "@aws-crypto/util" "^2.0.0"
    "@aws-sdk/types" "^3.1.0"
    "@aws-sdk/util-locate-window" "^3.0.0"
    "@aws-sdk/util-utf8-browser" "^3.0.0"
    tslib "^1.11.1"

"@aws-crypto/sha256-js@2.0.0":
  version "2.0.0"
  resolved "https://registry.yarnpkg.com/@aws-crypto/sha256-js/-/sha256-js-2.0.0.tgz#f1f936039bdebd0b9e2dd834d65afdc2aac4efcb"
  integrity sha512-VZY+mCY4Nmrs5WGfitmNqXzaE873fcIZDu54cbaDaaamsaTOP1DBImV9F4pICc3EHjQXujyE8jig+PFCaew9ig==
  dependencies:
    "@aws-crypto/util" "^2.0.0"
    "@aws-sdk/types" "^3.1.0"
    tslib "^1.11.1"

"@aws-crypto/sha256-js@^2.0.0":
  version "2.0.1"
  resolved "https://registry.yarnpkg.com/@aws-crypto/sha256-js/-/sha256-js-2.0.1.tgz#79e1e6cf61f652ef2089c08d471c722ecf1626a9"
  integrity sha512-mbHTBSPBvg6o/mN/c18Z/zifM05eJrapj5ggoOIeHIWckvkv5VgGi7r/wYpt+QAO2ySKXLNvH2d8L7bne4xrMQ==
  dependencies:
    "@aws-crypto/util" "^2.0.1"
    "@aws-sdk/types" "^3.1.0"
    tslib "^1.11.1"

"@aws-crypto/supports-web-crypto@^2.0.0":
  version "2.0.0"
  resolved "https://registry.yarnpkg.com/@aws-crypto/supports-web-crypto/-/supports-web-crypto-2.0.0.tgz#fd6cde30b88f77d5a4f57b2c37c560d918014f9e"
  integrity sha512-Ge7WQ3E0OC7FHYprsZV3h0QIcpdyJLvIeg+uTuHqRYm8D6qCFJoiC+edSzSyFiHtZf+NOQDJ1q46qxjtzIY2nA==
  dependencies:
    tslib "^1.11.1"

"@aws-crypto/util@^2.0.0", "@aws-crypto/util@^2.0.1":
  version "2.0.1"
  resolved "https://registry.yarnpkg.com/@aws-crypto/util/-/util-2.0.1.tgz#976cf619cf85084ca85ec5eb947a6ac6b8b5c98c"
  integrity sha512-JJmFFwvbm08lULw4Nm5QOLg8+lAQeC8aCXK5xrtxntYzYXCGfHwUJ4Is3770Q7HmICsXthGQ+ZsDL7C2uH3yBQ==
  dependencies:
    "@aws-sdk/types" "^3.1.0"
    "@aws-sdk/util-utf8-browser" "^3.0.0"
    tslib "^1.11.1"

"@aws-sdk/abort-controller@3.160.0":
  version "3.160.0"
  resolved "https://registry.yarnpkg.com/@aws-sdk/abort-controller/-/abort-controller-3.160.0.tgz#0efcdfec2b5b1f8fb9d570c5ec648057f796746f"
  integrity sha512-zS3lDBxBHCX7v8IESBQMn6zFxe2BcP6G8QuH+lto2q2M5hsLQFkksMw4UhwItwXDQgt5YUm2EVbWEEwimPOsgA==
  dependencies:
    "@aws-sdk/types" "3.160.0"
    tslib "^2.3.1"

"@aws-sdk/client-dynamodb@^3.161.0":
  version "3.161.0"
  resolved "https://registry.yarnpkg.com/@aws-sdk/client-dynamodb/-/client-dynamodb-3.161.0.tgz#7e12c45dd3b3a1baa2715453cf156217f7ac6869"
  integrity sha512-Ue5rmlYc7C9QQZsJ6hAVZ8mkJULVDgzujdEcUmgWBXJZXlRBfytKO1J9yyAyofkGB/5/V3VajZZc4DOZCSXcWQ==
  dependencies:
    "@aws-crypto/sha256-browser" "2.0.0"
    "@aws-crypto/sha256-js" "2.0.0"
    "@aws-sdk/client-sts" "3.161.0"
    "@aws-sdk/config-resolver" "3.160.0"
    "@aws-sdk/credential-provider-node" "3.161.0"
    "@aws-sdk/fetch-http-handler" "3.160.0"
    "@aws-sdk/hash-node" "3.160.0"
    "@aws-sdk/invalid-dependency" "3.160.0"
    "@aws-sdk/middleware-content-length" "3.160.0"
    "@aws-sdk/middleware-endpoint-discovery" "3.160.0"
    "@aws-sdk/middleware-host-header" "3.160.0"
    "@aws-sdk/middleware-logger" "3.160.0"
    "@aws-sdk/middleware-recursion-detection" "3.160.0"
    "@aws-sdk/middleware-retry" "3.160.0"
    "@aws-sdk/middleware-serde" "3.160.0"
    "@aws-sdk/middleware-signing" "3.160.0"
    "@aws-sdk/middleware-stack" "3.160.0"
    "@aws-sdk/middleware-user-agent" "3.160.0"
    "@aws-sdk/node-config-provider" "3.160.0"
    "@aws-sdk/node-http-handler" "3.160.0"
    "@aws-sdk/protocol-http" "3.160.0"
    "@aws-sdk/smithy-client" "3.161.0"
    "@aws-sdk/types" "3.160.0"
    "@aws-sdk/url-parser" "3.160.0"
    "@aws-sdk/util-base64-browser" "3.109.0"
    "@aws-sdk/util-base64-node" "3.55.0"
    "@aws-sdk/util-body-length-browser" "3.154.0"
    "@aws-sdk/util-body-length-node" "3.55.0"
    "@aws-sdk/util-defaults-mode-browser" "3.161.0"
    "@aws-sdk/util-defaults-mode-node" "3.161.0"
    "@aws-sdk/util-user-agent-browser" "3.160.0"
    "@aws-sdk/util-user-agent-node" "3.160.0"
    "@aws-sdk/util-utf8-browser" "3.109.0"
    "@aws-sdk/util-utf8-node" "3.109.0"
    "@aws-sdk/util-waiter" "3.160.0"
    tslib "^2.3.1"
    uuid "^8.3.2"

"@aws-sdk/client-sso@3.161.0":
  version "3.161.0"
  resolved "https://registry.yarnpkg.com/@aws-sdk/client-sso/-/client-sso-3.161.0.tgz#590bcd5e40f130e6af5f6e9183361d6a08207116"
  integrity sha512-wqjRW1diFAJ2BpklSwBb0H4WSKyDZGPLZ/PeGAtsyPcmxYtHUefhs+gHgGn62UzM7MIiXoSGqVAefi3sk0PgHw==
  dependencies:
    "@aws-crypto/sha256-browser" "2.0.0"
    "@aws-crypto/sha256-js" "2.0.0"
    "@aws-sdk/config-resolver" "3.160.0"
    "@aws-sdk/fetch-http-handler" "3.160.0"
    "@aws-sdk/hash-node" "3.160.0"
    "@aws-sdk/invalid-dependency" "3.160.0"
    "@aws-sdk/middleware-content-length" "3.160.0"
    "@aws-sdk/middleware-host-header" "3.160.0"
    "@aws-sdk/middleware-logger" "3.160.0"
    "@aws-sdk/middleware-recursion-detection" "3.160.0"
    "@aws-sdk/middleware-retry" "3.160.0"
    "@aws-sdk/middleware-serde" "3.160.0"
    "@aws-sdk/middleware-stack" "3.160.0"
    "@aws-sdk/middleware-user-agent" "3.160.0"
    "@aws-sdk/node-config-provider" "3.160.0"
    "@aws-sdk/node-http-handler" "3.160.0"
    "@aws-sdk/protocol-http" "3.160.0"
    "@aws-sdk/smithy-client" "3.161.0"
    "@aws-sdk/types" "3.160.0"
    "@aws-sdk/url-parser" "3.160.0"
    "@aws-sdk/util-base64-browser" "3.109.0"
    "@aws-sdk/util-base64-node" "3.55.0"
    "@aws-sdk/util-body-length-browser" "3.154.0"
    "@aws-sdk/util-body-length-node" "3.55.0"
    "@aws-sdk/util-defaults-mode-browser" "3.161.0"
    "@aws-sdk/util-defaults-mode-node" "3.161.0"
    "@aws-sdk/util-user-agent-browser" "3.160.0"
    "@aws-sdk/util-user-agent-node" "3.160.0"
    "@aws-sdk/util-utf8-browser" "3.109.0"
    "@aws-sdk/util-utf8-node" "3.109.0"
    tslib "^2.3.1"

"@aws-sdk/client-sts@3.161.0":
  version "3.161.0"
  resolved "https://registry.yarnpkg.com/@aws-sdk/client-sts/-/client-sts-3.161.0.tgz#47cfae8236d1319bf47ca7178d01e3ff375b0d4b"
  integrity sha512-RW+vo3FFx4LYdhpDuon0OiXhz1TXEA+OCG5D54C0bpspP7m+eTLNtwrhkpWF3rvlkNyftCHGp3eqfhQ2usl3gg==
  dependencies:
    "@aws-crypto/sha256-browser" "2.0.0"
    "@aws-crypto/sha256-js" "2.0.0"
    "@aws-sdk/config-resolver" "3.160.0"
    "@aws-sdk/credential-provider-node" "3.161.0"
    "@aws-sdk/fetch-http-handler" "3.160.0"
    "@aws-sdk/hash-node" "3.160.0"
    "@aws-sdk/invalid-dependency" "3.160.0"
    "@aws-sdk/middleware-content-length" "3.160.0"
    "@aws-sdk/middleware-host-header" "3.160.0"
    "@aws-sdk/middleware-logger" "3.160.0"
    "@aws-sdk/middleware-recursion-detection" "3.160.0"
    "@aws-sdk/middleware-retry" "3.160.0"
    "@aws-sdk/middleware-sdk-sts" "3.160.0"
    "@aws-sdk/middleware-serde" "3.160.0"
    "@aws-sdk/middleware-signing" "3.160.0"
    "@aws-sdk/middleware-stack" "3.160.0"
    "@aws-sdk/middleware-user-agent" "3.160.0"
    "@aws-sdk/node-config-provider" "3.160.0"
    "@aws-sdk/node-http-handler" "3.160.0"
    "@aws-sdk/protocol-http" "3.160.0"
    "@aws-sdk/smithy-client" "3.161.0"
    "@aws-sdk/types" "3.160.0"
    "@aws-sdk/url-parser" "3.160.0"
    "@aws-sdk/util-base64-browser" "3.109.0"
    "@aws-sdk/util-base64-node" "3.55.0"
    "@aws-sdk/util-body-length-browser" "3.154.0"
    "@aws-sdk/util-body-length-node" "3.55.0"
    "@aws-sdk/util-defaults-mode-browser" "3.161.0"
    "@aws-sdk/util-defaults-mode-node" "3.161.0"
    "@aws-sdk/util-user-agent-browser" "3.160.0"
    "@aws-sdk/util-user-agent-node" "3.160.0"
    "@aws-sdk/util-utf8-browser" "3.109.0"
    "@aws-sdk/util-utf8-node" "3.109.0"
    entities "2.2.0"
    fast-xml-parser "3.19.0"
    tslib "^2.3.1"

"@aws-sdk/config-resolver@3.160.0":
  version "3.160.0"
  resolved "https://registry.yarnpkg.com/@aws-sdk/config-resolver/-/config-resolver-3.160.0.tgz#abe4ffddd06f24c1bc2540912fc96aa7907a6a66"
  integrity sha512-XqYTK4fclWHG6HC9Mwjt/zwQj7RyfH7M+hQEmge6DcPgOy59zsm13AdMlZ40Zan8hEoH7rM8doePZOYUXvmRyQ==
  dependencies:
    "@aws-sdk/signature-v4" "3.160.0"
    "@aws-sdk/types" "3.160.0"
    "@aws-sdk/util-config-provider" "3.109.0"
    "@aws-sdk/util-middleware" "3.160.0"
    tslib "^2.3.1"

"@aws-sdk/credential-provider-env@3.160.0":
  version "3.160.0"
  resolved "https://registry.yarnpkg.com/@aws-sdk/credential-provider-env/-/credential-provider-env-3.160.0.tgz#fe3c8be72794fad233317c1bd3b2269591efc282"
  integrity sha512-DMO5LFLFJxAm3Cztq0sx+EjnJO4D9RrmYVIaaWNsqXDnRSHfUzJFwAlgc97c84dlO89ZxCYjZp3z3IkWwsRDEQ==
  dependencies:
    "@aws-sdk/property-provider" "3.160.0"
    "@aws-sdk/types" "3.160.0"
    tslib "^2.3.1"

"@aws-sdk/credential-provider-imds@3.160.0":
  version "3.160.0"
  resolved "https://registry.yarnpkg.com/@aws-sdk/credential-provider-imds/-/credential-provider-imds-3.160.0.tgz#83a1028652ddd5a59f4ca5ce80db1990a45b7c32"
  integrity sha512-RPIJim4X+eF0RkZ55waQdTxLJ8fZ3qEc2pICNASEKV7DvqIjXZE+VClLYAoi9kThp2Lq231ASgjbUHoB4CrF+w==
  dependencies:
    "@aws-sdk/node-config-provider" "3.160.0"
    "@aws-sdk/property-provider" "3.160.0"
    "@aws-sdk/types" "3.160.0"
    "@aws-sdk/url-parser" "3.160.0"
    tslib "^2.3.1"

"@aws-sdk/credential-provider-ini@3.161.0":
  version "3.161.0"
  resolved "https://registry.yarnpkg.com/@aws-sdk/credential-provider-ini/-/credential-provider-ini-3.161.0.tgz#4e16998bf18a7be848d24d5c2a9d278b9360a561"
  integrity sha512-+nu9MNK3HILmH+gxaCz0KoBNrjgHg1HdolqzZzxHq095ZSpZ+qGj/+bfK32oNrSdZ/4Ux3GA3hph07PRa5niLg==
  dependencies:
    "@aws-sdk/credential-provider-env" "3.160.0"
    "@aws-sdk/credential-provider-imds" "3.160.0"
    "@aws-sdk/credential-provider-sso" "3.161.0"
    "@aws-sdk/credential-provider-web-identity" "3.160.0"
    "@aws-sdk/property-provider" "3.160.0"
    "@aws-sdk/shared-ini-file-loader" "3.160.0"
    "@aws-sdk/types" "3.160.0"
    tslib "^2.3.1"

"@aws-sdk/credential-provider-node@3.161.0":
  version "3.161.0"
  resolved "https://registry.yarnpkg.com/@aws-sdk/credential-provider-node/-/credential-provider-node-3.161.0.tgz#a25bd8afb3a5d2632dae564e537b9c7588270e01"
  integrity sha512-uhgaFiiasmn00xhlE6c1gb0azAxlZri2/yRxsDlxFStHLVLg8d1CqfL5x5rHyXDqXXc3LdPB3NEOPhe/kV/VVg==
  dependencies:
    "@aws-sdk/credential-provider-env" "3.160.0"
    "@aws-sdk/credential-provider-imds" "3.160.0"
    "@aws-sdk/credential-provider-ini" "3.161.0"
    "@aws-sdk/credential-provider-process" "3.160.0"
    "@aws-sdk/credential-provider-sso" "3.161.0"
    "@aws-sdk/credential-provider-web-identity" "3.160.0"
    "@aws-sdk/property-provider" "3.160.0"
    "@aws-sdk/shared-ini-file-loader" "3.160.0"
    "@aws-sdk/types" "3.160.0"
    tslib "^2.3.1"

"@aws-sdk/credential-provider-process@3.160.0":
  version "3.160.0"
  resolved "https://registry.yarnpkg.com/@aws-sdk/credential-provider-process/-/credential-provider-process-3.160.0.tgz#9c367a1c46eee21215b5708332913e605d652608"
  integrity sha512-k/7GMy0gs6sq8+yrOb+pvqORYJjCkNrLZYvDpI56O8oXTSLiKSu4dBOFubzXf1z2yWhFVdD9lw52OomidasheA==
  dependencies:
    "@aws-sdk/property-provider" "3.160.0"
    "@aws-sdk/shared-ini-file-loader" "3.160.0"
    "@aws-sdk/types" "3.160.0"
    tslib "^2.3.1"

"@aws-sdk/credential-provider-sso@3.161.0":
  version "3.161.0"
  resolved "https://registry.yarnpkg.com/@aws-sdk/credential-provider-sso/-/credential-provider-sso-3.161.0.tgz#9c06de477e14c8c397ed2b51f4c637f69e1660b0"
  integrity sha512-qBTubhLS2Ic7jMIvRZDIp1/jEuIfbfrMaW9DYguhv8u5uPButXVzTYmLKurNUKlQQNLqVoSKEd+ywa6mI3a35A==
  dependencies:
    "@aws-sdk/client-sso" "3.161.0"
    "@aws-sdk/property-provider" "3.160.0"
    "@aws-sdk/shared-ini-file-loader" "3.160.0"
    "@aws-sdk/types" "3.160.0"
    tslib "^2.3.1"

"@aws-sdk/credential-provider-web-identity@3.160.0":
  version "3.160.0"
  resolved "https://registry.yarnpkg.com/@aws-sdk/credential-provider-web-identity/-/credential-provider-web-identity-3.160.0.tgz#0e504cb90717beb48b809ac473e2d271e167b277"
  integrity sha512-YEebeoTFGrKlFJSymr5WV9srXr4vXz/k6N43NLvJLNo9E2ppR1HmIUYxRlalIl2j9xz57S35Dxedx/hiVNPbBA==
  dependencies:
    "@aws-sdk/property-provider" "3.160.0"
    "@aws-sdk/types" "3.160.0"
    tslib "^2.3.1"

"@aws-sdk/endpoint-cache@3.55.0":
  version "3.55.0"
  resolved "https://registry.yarnpkg.com/@aws-sdk/endpoint-cache/-/endpoint-cache-3.55.0.tgz#b4be2cb363af005a67c2a6f938f06fcbbbbbccf8"
  integrity sha512-kxDoHFDuQwZEEUZRp+ZLOg68EXuKPzUN86DcpIZantDVcmu7MSPTbbQp9DZd8MnKVEKCP7Sop5f7zCqOPl3LXw==
  dependencies:
    mnemonist "0.38.3"
    tslib "^2.3.1"

"@aws-sdk/fetch-http-handler@3.160.0":
  version "3.160.0"
  resolved "https://registry.yarnpkg.com/@aws-sdk/fetch-http-handler/-/fetch-http-handler-3.160.0.tgz#5145f0304e01cb11b36a4b8419d36f17dc5321cc"
  integrity sha512-RTD3/bd2Za+StgJOIBgwxdFOhFMw3gkCorzGFS1THTXu6cBdokVsh1lUfDDVCzgQ61YbtN8VfSOGlJB02rFEkQ==
  dependencies:
    "@aws-sdk/protocol-http" "3.160.0"
    "@aws-sdk/querystring-builder" "3.160.0"
    "@aws-sdk/types" "3.160.0"
    "@aws-sdk/util-base64-browser" "3.109.0"
    tslib "^2.3.1"

"@aws-sdk/hash-node@3.160.0":
  version "3.160.0"
  resolved "https://registry.yarnpkg.com/@aws-sdk/hash-node/-/hash-node-3.160.0.tgz#c41284148c8b2a3e7dd389df0a5d93ee25270fc4"
  integrity sha512-8OWSJ93dg7oT2yKNtGy9ztDZ4iMofv0K385i3vtoIbYzmWum9nTyRF7JgmHz6UI/YX5rrWXB01rXGoTlpezv/A==
  dependencies:
    "@aws-sdk/types" "3.160.0"
    "@aws-sdk/util-buffer-from" "3.55.0"
    tslib "^2.3.1"

"@aws-sdk/invalid-dependency@3.160.0":
  version "3.160.0"
  resolved "https://registry.yarnpkg.com/@aws-sdk/invalid-dependency/-/invalid-dependency-3.160.0.tgz#803f57b976feaf9b93ee2bbeb58277fd795cb64d"
  integrity sha512-85zZTNpjbTOixP/sZ8KU5uJJa80+2ful+saYnjs5ryIi9MaaWx+yyZ/DYWqMLUfl6dBH8KOVq0+rTdUDECRMDA==
  dependencies:
    "@aws-sdk/types" "3.160.0"
    tslib "^2.3.1"

"@aws-sdk/is-array-buffer@3.55.0":
  version "3.55.0"
  resolved "https://registry.yarnpkg.com/@aws-sdk/is-array-buffer/-/is-array-buffer-3.55.0.tgz#c46122c5636f01d5895e5256a587768c3425ea7a"
  integrity sha512-NbiPHVYuPxdqdFd6FxzzN3H1BQn/iWA3ri3Ry7AyLeP/tGs1yzEWMwf8BN8TSMALI0GXT6Sh0GDWy3Ok5xB6DA==
  dependencies:
    tslib "^2.3.1"

"@aws-sdk/middleware-content-length@3.160.0":
  version "3.160.0"
  resolved "https://registry.yarnpkg.com/@aws-sdk/middleware-content-length/-/middleware-content-length-3.160.0.tgz#c71cf96a1a16ff06baf4718ab4d40a36775acc49"
  integrity sha512-VUHnxOHOEXhkIPMxo+4LanlkPp7TKwJfai9mKA3yQaRgPrKX1JoivhXd2ZzYTEggUQCs6Oy+ZdyDpLziDYJQug==
  dependencies:
    "@aws-sdk/protocol-http" "3.160.0"
    "@aws-sdk/types" "3.160.0"
    tslib "^2.3.1"

"@aws-sdk/middleware-endpoint-discovery@3.160.0":
  version "3.160.0"
  resolved "https://registry.yarnpkg.com/@aws-sdk/middleware-endpoint-discovery/-/middleware-endpoint-discovery-3.160.0.tgz#160ac43e0294eb9418c33cdf931b202e94c96a9f"
  integrity sha512-ev/S8OweDKsP+CR3op6YMXeYdtEqBk90D5zJPRupJ3J1Xhv+BHhT474tZ/mvNfcTaldQ4XDhaPh822hxg7i9Ww==
  dependencies:
    "@aws-sdk/config-resolver" "3.160.0"
    "@aws-sdk/endpoint-cache" "3.55.0"
    "@aws-sdk/protocol-http" "3.160.0"
    "@aws-sdk/types" "3.160.0"
    tslib "^2.3.1"

"@aws-sdk/middleware-host-header@3.160.0":
  version "3.160.0"
  resolved "https://registry.yarnpkg.com/@aws-sdk/middleware-host-header/-/middleware-host-header-3.160.0.tgz#aa5f75ef27eb078b3062e186a2af17c8ec4e9d7c"
  integrity sha512-WTGO7TL19eNuNKmSx+yASTp7wuS6YIXRaDZDmO5asrV3SNim/kS4Lr/qYTiyE/7JiiZCXhxMd7X3qk3o8lFDrw==
  dependencies:
    "@aws-sdk/protocol-http" "3.160.0"
    "@aws-sdk/types" "3.160.0"
    tslib "^2.3.1"

"@aws-sdk/middleware-logger@3.160.0":
  version "3.160.0"
  resolved "https://registry.yarnpkg.com/@aws-sdk/middleware-logger/-/middleware-logger-3.160.0.tgz#f190455b7c661756e2ec20429ceb4f8c0a077cb2"
  integrity sha512-4l2oDUsTqLQodYvQ5W9/1EsUpLivE+XDVvuPAH688S6hQFinFukqouQ9x/rivovKX/nJtEKrz58VXKLwatOjCQ==
  dependencies:
    "@aws-sdk/types" "3.160.0"
    tslib "^2.3.1"

"@aws-sdk/middleware-recursion-detection@3.160.0":
  version "3.160.0"
  resolved "https://registry.yarnpkg.com/@aws-sdk/middleware-recursion-detection/-/middleware-recursion-detection-3.160.0.tgz#e136c312e5190ae1f4b651ba8a87d48c5031dc21"
  integrity sha512-/i3getpmvDaxrmdNolhgF96BvcVM1YBbOEyaEvx2uomt0T5o2DAkJo8RQ4NV9zmY/nnQQZtcMYWp01ZsEWWfhg==
  dependencies:
    "@aws-sdk/protocol-http" "3.160.0"
    "@aws-sdk/types" "3.160.0"
    tslib "^2.3.1"

"@aws-sdk/middleware-retry@3.160.0":
  version "3.160.0"
  resolved "https://registry.yarnpkg.com/@aws-sdk/middleware-retry/-/middleware-retry-3.160.0.tgz#dbcfcaf80dafc93c34b48833b2f96726ca660697"
  integrity sha512-QOox+hi39hwtedo9q3lqd34pJPM4yuNUdg3NylCp2Gf5bZ2jp4G2ymeBHitf9cJ3y9XVm5xKdYbaLxDtHEFLDw==
  dependencies:
    "@aws-sdk/protocol-http" "3.160.0"
    "@aws-sdk/service-error-classification" "3.160.0"
    "@aws-sdk/types" "3.160.0"
    "@aws-sdk/util-middleware" "3.160.0"
    tslib "^2.3.1"
    uuid "^8.3.2"

"@aws-sdk/middleware-sdk-sts@3.160.0":
  version "3.160.0"
  resolved "https://registry.yarnpkg.com/@aws-sdk/middleware-sdk-sts/-/middleware-sdk-sts-3.160.0.tgz#0935c607c1cccc659c2a462e069a6c2b7686440e"
  integrity sha512-IfON6Add3/Y51Cq4HiKkSrwdfs+GO6pnrJEIreLd0yMmLwtLr/p0Ssyg3oYdUIY10CJgfaYoVmoTd/Ponmg1/w==
  dependencies:
    "@aws-sdk/middleware-signing" "3.160.0"
    "@aws-sdk/property-provider" "3.160.0"
    "@aws-sdk/protocol-http" "3.160.0"
    "@aws-sdk/signature-v4" "3.160.0"
    "@aws-sdk/types" "3.160.0"
    tslib "^2.3.1"

"@aws-sdk/middleware-serde@3.160.0":
  version "3.160.0"
  resolved "https://registry.yarnpkg.com/@aws-sdk/middleware-serde/-/middleware-serde-3.160.0.tgz#41e10d00785c34890c70056bfda0fc1c7cbc70b7"
  integrity sha512-IjkfjiLBpIS9scHuT8z7hyqHa6jrg8K48svrDQKfeKmlty7cq6ytb+SJRXeG+pupzUlkCesUsAOV5iQYsu3JsA==
  dependencies:
    "@aws-sdk/types" "3.160.0"
    tslib "^2.3.1"

"@aws-sdk/middleware-signing@3.160.0":
  version "3.160.0"
  resolved "https://registry.yarnpkg.com/@aws-sdk/middleware-signing/-/middleware-signing-3.160.0.tgz#1c0cbb040fed85be376ea809b74d328fd031d61c"
  integrity sha512-dQbf09sIGtzt7SGZf6VDImGhW679g7RrPR12gaXfgqC1ghQgT0BnHhneRHYPOlz05OGeme5w/IZsg3owipI31Q==
  dependencies:
    "@aws-sdk/property-provider" "3.160.0"
    "@aws-sdk/protocol-http" "3.160.0"
    "@aws-sdk/signature-v4" "3.160.0"
    "@aws-sdk/types" "3.160.0"
    tslib "^2.3.1"

"@aws-sdk/middleware-stack@3.160.0":
  version "3.160.0"
  resolved "https://registry.yarnpkg.com/@aws-sdk/middleware-stack/-/middleware-stack-3.160.0.tgz#b7f0ca0bf1d4bd3be89395e91b976966498e86bf"
  integrity sha512-Y0XMs/8C7sp4Jck3kk4ZmQHnhPg9/TimjXQQ4EF/PGq+OBFkAtxueuI31l3X5UkHvfsk3fLna7lPs6a+/IRgGg==
  dependencies:
    tslib "^2.3.1"

"@aws-sdk/middleware-user-agent@3.160.0":
  version "3.160.0"
  resolved "https://registry.yarnpkg.com/@aws-sdk/middleware-user-agent/-/middleware-user-agent-3.160.0.tgz#81d3f3d795e05351d761718fa5226a5f00fa39c3"
  integrity sha512-3X5Ucruu/pZPO5DIC7EA9T5OGBKBHQsCmbN2MqsCRyaYrpikzVTmlj3Kr3Jfb7ygRxldfY1CbfsgJ0LFe7g4xg==
  dependencies:
    "@aws-sdk/protocol-http" "3.160.0"
    "@aws-sdk/types" "3.160.0"
    tslib "^2.3.1"

"@aws-sdk/node-config-provider@3.160.0":
  version "3.160.0"
  resolved "https://registry.yarnpkg.com/@aws-sdk/node-config-provider/-/node-config-provider-3.160.0.tgz#74c0a8a7fcb6790edf60d14e4c23ee62b7357410"
  integrity sha512-0fduGixgnB4lajj58nwYnim8kytUejmJoNewK5rjREJ6PJA0cqJWzJqQHIgPDVs2+Yesmx+8wheD6ETUdUah0w==
  dependencies:
    "@aws-sdk/property-provider" "3.160.0"
    "@aws-sdk/shared-ini-file-loader" "3.160.0"
    "@aws-sdk/types" "3.160.0"
    tslib "^2.3.1"

"@aws-sdk/node-http-handler@3.160.0":
  version "3.160.0"
  resolved "https://registry.yarnpkg.com/@aws-sdk/node-http-handler/-/node-http-handler-3.160.0.tgz#8dcc150f77b3a0e28d66bf0b8e52a0095b90a53c"
  integrity sha512-tX0AdtP39bZU6Slh2Ti2vlH72ANHdvsbrGvivbbSZhaW99kIES5WTQE2fwgQ4BiCSkGS6jBAOKMwDeWkmEuQLg==
  dependencies:
    "@aws-sdk/abort-controller" "3.160.0"
    "@aws-sdk/protocol-http" "3.160.0"
    "@aws-sdk/querystring-builder" "3.160.0"
    "@aws-sdk/types" "3.160.0"
    tslib "^2.3.1"

"@aws-sdk/property-provider@3.160.0":
  version "3.160.0"
  resolved "https://registry.yarnpkg.com/@aws-sdk/property-provider/-/property-provider-3.160.0.tgz#4512f3f9a82ded70a224deb976740ced89fc0e8c"
  integrity sha512-761aka391QPjRXZwT2gAPRpqXyJ0HL097NtN9VSF+RwoXuOYbKBB/p4ljkG2Iry9l6JwnOYZ41ZQlcSyU3Zoig==
  dependencies:
    "@aws-sdk/types" "3.160.0"
    tslib "^2.3.1"

"@aws-sdk/protocol-http@3.160.0":
  version "3.160.0"
  resolved "https://registry.yarnpkg.com/@aws-sdk/protocol-http/-/protocol-http-3.160.0.tgz#29d030483071805f4da6b84ccdad960c85321224"
  integrity sha512-OQXlpuD20aMXYTo5UWlrKGVOC8+ETcOS90mmUs8H9NWXtfPNN/5qdkRakc5seB1SGyIpCHTZ3ndBv+kDbH6V0A==
  dependencies:
    "@aws-sdk/types" "3.160.0"
    tslib "^2.3.1"

"@aws-sdk/querystring-builder@3.160.0":
  version "3.160.0"
  resolved "https://registry.yarnpkg.com/@aws-sdk/querystring-builder/-/querystring-builder-3.160.0.tgz#f38ff502a3e46bff6fcf9bde0184c0881854df89"
  integrity sha512-292lOiDXrjT3IHvzX7ZZFOwWykT9WICbrFPv/t7j3wU6d0Y/4DYtBG2j9nfmfTkDxR/UACV5rYh+QN+q+jNJ1Q==
  dependencies:
    "@aws-sdk/types" "3.160.0"
    "@aws-sdk/util-uri-escape" "3.55.0"
    tslib "^2.3.1"

"@aws-sdk/querystring-parser@3.160.0":
  version "3.160.0"
  resolved "https://registry.yarnpkg.com/@aws-sdk/querystring-parser/-/querystring-parser-3.160.0.tgz#0d994a875d11ac5f836225ca73885bc9758ce498"
  integrity sha512-NVuQDq2v1qXSx5Ow+q5EwyMfFGoMwhbglC7ykgCAX8VVO+0ND2DEPbWLlz4JJL9KBLtnW9FGBptiPJ348EsfgQ==
  dependencies:
    "@aws-sdk/types" "3.160.0"
    tslib "^2.3.1"

"@aws-sdk/service-error-classification@3.160.0":
  version "3.160.0"
  resolved "https://registry.yarnpkg.com/@aws-sdk/service-error-classification/-/service-error-classification-3.160.0.tgz#831b5d4b9f4da3679797c750d55d0e9d759f0538"
  integrity sha512-1lyFgbnAWEuDvoLA4OHmrlMuZaH1Szuxd/dIR659aTFu3Qz6jiAA00EJW2G7zBPqPMapXA82IMs7Yx2SeXnnEw==

"@aws-sdk/shared-ini-file-loader@3.160.0":
  version "3.160.0"
  resolved "https://registry.yarnpkg.com/@aws-sdk/shared-ini-file-loader/-/shared-ini-file-loader-3.160.0.tgz#2f7c9ec517e7dad7a2f453b3a90c34eed8e9f694"
  integrity sha512-H+wIq/IvzP96ZAmpsPvAwaX821faqLJ7Fhyjr8PqQDKXfJT/RSAlx6bkVhAj/8YAWGaOdbI4apL+gqtuaQWFlA==
  dependencies:
    tslib "^2.3.1"

"@aws-sdk/signature-v4@3.160.0":
  version "3.160.0"
  resolved "https://registry.yarnpkg.com/@aws-sdk/signature-v4/-/signature-v4-3.160.0.tgz#8a19dcb8c55b6dad62e59c984887483cd3d892d2"
  integrity sha512-XFMtLePu0OgdxAa5PAQpFvefGUypOC8rC0eTM/vKduFWAX2NAKJ1imR3PRebevP9Owi6/3N9zE7bfn4otgRI9g==
  dependencies:
    "@aws-sdk/is-array-buffer" "3.55.0"
    "@aws-sdk/types" "3.160.0"
    "@aws-sdk/util-hex-encoding" "3.109.0"
    "@aws-sdk/util-middleware" "3.160.0"
    "@aws-sdk/util-uri-escape" "3.55.0"
    tslib "^2.3.1"

"@aws-sdk/smithy-client@3.161.0":
  version "3.161.0"
  resolved "https://registry.yarnpkg.com/@aws-sdk/smithy-client/-/smithy-client-3.161.0.tgz#4634c56e26b50c9b4beaf534da04b4779a2c764f"
  integrity sha512-MJwq2TmyAZPzZ+ZbqZxGKZIRJZ4iYJd0gg4kiAbcwAVH34/Ujk++D9JEdGGTVxxarKQPhUX+gKP0CVLP/RBkFg==
  dependencies:
    "@aws-sdk/middleware-stack" "3.160.0"
    "@aws-sdk/types" "3.160.0"
    tslib "^2.3.1"

"@aws-sdk/types@3.160.0", "@aws-sdk/types@^3.1.0":
  version "3.160.0"
  resolved "https://registry.yarnpkg.com/@aws-sdk/types/-/types-3.160.0.tgz#94894019ccc7d4fb44c36814051473a2b3988d55"
  integrity sha512-sDpDVw/B80USIERcig55dxvPTv+FbYXjUipRIv3wcQ6ePEHIRfqyvdGaTHZGoWYpOW8GFNEbVc2BGFF2ff4ZdA==

"@aws-sdk/url-parser@3.160.0":
  version "3.160.0"
  resolved "https://registry.yarnpkg.com/@aws-sdk/url-parser/-/url-parser-3.160.0.tgz#b40bc1a0d71584e5a561aea578a67ebfd7abcf6c"
  integrity sha512-UYDGO4lG+g3AGsunarux7wKYo0QJS+hKdKE1ilwErwDmtG29jMYxJHQPkB+jxYvkE/wUe4EpifUJyH2dUWpTrg==
  dependencies:
    "@aws-sdk/querystring-parser" "3.160.0"
    "@aws-sdk/types" "3.160.0"
    tslib "^2.3.1"

"@aws-sdk/util-base64-browser@3.109.0":
  version "3.109.0"
  resolved "https://registry.yarnpkg.com/@aws-sdk/util-base64-browser/-/util-base64-browser-3.109.0.tgz#e7faf5c4cbb88bc39b9c1c5a1a79e4c869e9f645"
  integrity sha512-lAZ6fyDGiRLaIsKT9qh7P9FGuNyZ4gAbr1YOSQk/5mHtaTuUvxlPptZuInNM/0MPQm6lpcot00D8IWTucn4PbA==
  dependencies:
    tslib "^2.3.1"

"@aws-sdk/util-base64-node@3.55.0":
  version "3.55.0"
  resolved "https://registry.yarnpkg.com/@aws-sdk/util-base64-node/-/util-base64-node-3.55.0.tgz#da9a3fd6752be49163572144793e6b23d0186ff4"
  integrity sha512-UQ/ZuNoAc8CFMpSiRYmevaTsuRKzLwulZTnM8LNlIt9Wx1tpNvqp80cfvVj7yySKROtEi20wq29h31dZf1eYNQ==
  dependencies:
    "@aws-sdk/util-buffer-from" "3.55.0"
    tslib "^2.3.1"

"@aws-sdk/util-body-length-browser@3.154.0":
  version "3.154.0"
  resolved "https://registry.yarnpkg.com/@aws-sdk/util-body-length-browser/-/util-body-length-browser-3.154.0.tgz#8c4c5d08c1923deeedf46006dc4db820ca606f56"
  integrity sha512-TUuy7paVkBRQrB/XFCsL8iTW6g/ma0S3N8dYOiIMJdeTqTFryeyOGkBpYBgYFQL6zRMZpyu0jOM7GYEffGFOXw==
  dependencies:
    tslib "^2.3.1"

"@aws-sdk/util-body-length-node@3.55.0":
  version "3.55.0"
  resolved "https://registry.yarnpkg.com/@aws-sdk/util-body-length-node/-/util-body-length-node-3.55.0.tgz#67049bbb6c62d794a1bb5a13b9a678988c925489"
  integrity sha512-lU1d4I+9wJwydduXs0SxSfd+mHKjxeyd39VwOv6i2KSwWkPbji9UQqpflKLKw+r45jL7+xU/zfeTUg5Tt/3Gew==
  dependencies:
    tslib "^2.3.1"

"@aws-sdk/util-buffer-from@3.55.0":
  version "3.55.0"
  resolved "https://registry.yarnpkg.com/@aws-sdk/util-buffer-from/-/util-buffer-from-3.55.0.tgz#e7c927974b07a29502aa1ad58509b91d0d7cf0f7"
  integrity sha512-uVzKG1UgvnV7XX2FPTylBujYMKBPBaq/qFBxfl0LVNfrty7YjpfieQxAe6yRLD+T0Kir/WDQwGvYC+tOYG3IGA==
  dependencies:
    "@aws-sdk/is-array-buffer" "3.55.0"
    tslib "^2.3.1"

"@aws-sdk/util-config-provider@3.109.0":
  version "3.109.0"
  resolved "https://registry.yarnpkg.com/@aws-sdk/util-config-provider/-/util-config-provider-3.109.0.tgz#7828b8894b2b23c289ffc5c106cbced7a5d6ee86"
  integrity sha512-GrAZl/aBv0A28LkyNyq8SPJ5fmViCwz80fWLMeWx/6q5AbivuILogjlWwEZSvZ9zrlHOcFC0+AnCa5pQrjaslw==
  dependencies:
    tslib "^2.3.1"

"@aws-sdk/util-defaults-mode-browser@3.161.0":
  version "3.161.0"
  resolved "https://registry.yarnpkg.com/@aws-sdk/util-defaults-mode-browser/-/util-defaults-mode-browser-3.161.0.tgz#f1074503a94c9ae590721c5427c9b82286a08ee9"
  integrity sha512-lYAPW61ju2RnVBfElFnbMcRFhZxxhVXmnkV3OIIYAEbb3aJbi6hSnYnPECscRrxUd5GNpIxEje+Lzu4B3kaCBg==
  dependencies:
    "@aws-sdk/property-provider" "3.160.0"
    "@aws-sdk/types" "3.160.0"
    bowser "^2.11.0"
    tslib "^2.3.1"

"@aws-sdk/util-defaults-mode-node@3.161.0":
  version "3.161.0"
  resolved "https://registry.yarnpkg.com/@aws-sdk/util-defaults-mode-node/-/util-defaults-mode-node-3.161.0.tgz#d53bfc29a8fcbbf112d9602309c7b0afec801bb0"
  integrity sha512-x9sE9uQSKh6l/3YsZmsJvXjwrhA3PNKl1LBUwbigH+xiVNS1fxsqjhjUahyHqK6pnljjLO8EQvsd8a+LZvkOlw==
  dependencies:
    "@aws-sdk/config-resolver" "3.160.0"
    "@aws-sdk/credential-provider-imds" "3.160.0"
    "@aws-sdk/node-config-provider" "3.160.0"
    "@aws-sdk/property-provider" "3.160.0"
    "@aws-sdk/types" "3.160.0"
    tslib "^2.3.1"

"@aws-sdk/util-dynamodb@^3.161.0":
  version "3.161.0"
  resolved "https://registry.yarnpkg.com/@aws-sdk/util-dynamodb/-/util-dynamodb-3.161.0.tgz#0470d99fb428b05915b322c323a86da63fc35cd0"
  integrity sha512-iBx2ySUL7S9ZfJZSG9BFIDJ9ErxmwaPYtAHX+N/Bp+EE1xdaYKo6rVsPnuSH7yxQqhzx57zB4dmaPj40N1mQOQ==
  dependencies:
    tslib "^2.3.1"

"@aws-sdk/util-hex-encoding@3.109.0":
  version "3.109.0"
  resolved "https://registry.yarnpkg.com/@aws-sdk/util-hex-encoding/-/util-hex-encoding-3.109.0.tgz#93b20acc27c0a1d7d80f653bf19d3dd01c2ccc65"
  integrity sha512-s8CgTNrn3cLkrdiohfxLuOYPCanzvHn/aH5RW6DaMoeQiG5Hl9QUiP/WtdQ9QQx3xvpQFpmvxIaSBwSgFNLQxA==
  dependencies:
    tslib "^2.3.1"

"@aws-sdk/util-locate-window@^3.0.0":
  version "3.55.0"
  resolved "https://registry.yarnpkg.com/@aws-sdk/util-locate-window/-/util-locate-window-3.55.0.tgz#a4136a20ee1bfcb73967a6614caf769ef79db070"
  integrity sha512-0sPmK2JaJE2BbTcnvybzob/VrFKCXKfN4CUKcvn0yGg/me7Bz+vtzQRB3Xp+YSx+7OtWxzv63wsvHoAnXvgxgg==
  dependencies:
    tslib "^2.3.1"

"@aws-sdk/util-middleware@3.160.0":
  version "3.160.0"
  resolved "https://registry.yarnpkg.com/@aws-sdk/util-middleware/-/util-middleware-3.160.0.tgz#e2d9e260168fc3af67f44881cf656e9ba0c35176"
  integrity sha512-bQ+Yk1ma3YJn8YuKzo39ChMsD4i6JE2RTWzvrBjwPcxfqpf+up7V0/8TILiPQANtnQboyZlPPcIe0RCQq7hj8g==
  dependencies:
    tslib "^2.3.1"

"@aws-sdk/util-uri-escape@3.55.0":
  version "3.55.0"
  resolved "https://registry.yarnpkg.com/@aws-sdk/util-uri-escape/-/util-uri-escape-3.55.0.tgz#ee57743c628a1c9f942dfe73205ce890ec011916"
  integrity sha512-mmdDLUpFCN2nkfwlLdOM54lTD528GiGSPN1qb8XtGLgZsJUmg3uJSFIN2lPeSbEwJB3NFjVas/rnQC48i7mV8w==
  dependencies:
    tslib "^2.3.1"

"@aws-sdk/util-user-agent-browser@3.160.0":
  version "3.160.0"
  resolved "https://registry.yarnpkg.com/@aws-sdk/util-user-agent-browser/-/util-user-agent-browser-3.160.0.tgz#19cda6fd227d970730afc876bdfa5d8b9e6f345c"
  integrity sha512-u/G8BNVsiSsHf2ysCcF1swGdMIN/dJzCClUeU7efX4AYkSZktQIChw8cEceXl1J8hX3e56agYXmI2YK14KJ1tw==
  dependencies:
    "@aws-sdk/types" "3.160.0"
    bowser "^2.11.0"
    tslib "^2.3.1"

"@aws-sdk/util-user-agent-node@3.160.0":
  version "3.160.0"
  resolved "https://registry.yarnpkg.com/@aws-sdk/util-user-agent-node/-/util-user-agent-node-3.160.0.tgz#792f16e2c6b8c5fa3c9d527139abdf3a2911563c"
  integrity sha512-MuXDAdKuFYXx8CdZVFBim0KWRt0Lv7jjp6P08W54Nk8vVxRgZsKgX3+GvoJ3l3SdyU612rfJJ1gV7smDCoqtEw==
  dependencies:
    "@aws-sdk/node-config-provider" "3.160.0"
    "@aws-sdk/types" "3.160.0"
    tslib "^2.3.1"

"@aws-sdk/util-utf8-browser@3.109.0", "@aws-sdk/util-utf8-browser@^3.0.0":
  version "3.109.0"
  resolved "https://registry.yarnpkg.com/@aws-sdk/util-utf8-browser/-/util-utf8-browser-3.109.0.tgz#d013272e1981b23a4c84ac06f154db686c0cf84e"
  integrity sha512-FmcGSz0v7Bqpl1SE8G1Gc0CtDpug+rvqNCG/szn86JApD/f5x8oByjbEiAyTU2ZH2VevUntx6EW68ulHyH+x+w==
  dependencies:
    tslib "^2.3.1"

"@aws-sdk/util-utf8-node@3.109.0":
  version "3.109.0"
  resolved "https://registry.yarnpkg.com/@aws-sdk/util-utf8-node/-/util-utf8-node-3.109.0.tgz#89e06d916f5b246c7265f59bac742973ac0767ac"
  integrity sha512-Ti/ZBdvz2eSTElsucjzNmzpyg2MwfD1rXmxD0hZuIF8bPON/0+sZYnWd5CbDw9kgmhy28dmKue086tbZ1G0iLQ==
  dependencies:
    "@aws-sdk/util-buffer-from" "3.55.0"
    tslib "^2.3.1"

"@aws-sdk/util-waiter@3.160.0":
  version "3.160.0"
  resolved "https://registry.yarnpkg.com/@aws-sdk/util-waiter/-/util-waiter-3.160.0.tgz#e445f78e51c3938d73836505f4b7178adb7b46c9"
  integrity sha512-O4UNqbXbHj4enNDKsbTSN6U5iO/x/E9MHfba62zTfF8PdChsrHiDXzjO2RmmfmN5WApt6LMSsBRpb1G9eU1djg==
  dependencies:
    "@aws-sdk/abort-controller" "3.160.0"
    "@aws-sdk/types" "3.160.0"
    tslib "^2.3.1"

bowser@^2.11.0:
  version "2.11.0"
  resolved "https://registry.yarnpkg.com/bowser/-/bowser-2.11.0.tgz#5ca3c35757a7aa5771500c70a73a9f91ef420a8f"
  integrity sha512-AlcaJBi/pqqJBIQ8U9Mcpc9i8Aqxn88Skv5d+xBX006BY5u8N3mGLHa5Lgppa7L/HfwgwLgZ6NYs+Ag6uUmJRA==

entities@2.2.0:
  version "2.2.0"
  resolved "https://registry.yarnpkg.com/entities/-/entities-2.2.0.tgz#098dc90ebb83d8dffa089d55256b351d34c4da55"
  integrity sha512-p92if5Nz619I0w+akJrLZH0MX0Pb5DX39XOwQTtXSdQQOaYH03S1uIQp4mhOZtAXrxq4ViO67YTiLBo2638o9A==

fast-xml-parser@3.19.0:
  version "3.19.0"
  resolved "https://registry.yarnpkg.com/fast-xml-parser/-/fast-xml-parser-3.19.0.tgz#cb637ec3f3999f51406dd8ff0e6fc4d83e520d01"
  integrity sha512-4pXwmBplsCPv8FOY1WRakF970TjNGnGnfbOnLqjlYvMiF1SR3yOHyxMR/YCXpPTOspNF5gwudqktIP4VsWkvBg==

lodash@^4.17.20:
  version "4.17.21"
  resolved "https://registry.yarnpkg.com/lodash/-/lodash-4.17.21.tgz#679591c564c3bffaae8454cf0b3df370c3d6911c"
  integrity sha512-v2kDEe57lecTulaDIuNTPy3Ry4gLGJ6Z1O3vE1krgXZNrsQ+LFTGHVxVjcXPs17LhbZVGedAJv8XZ1tvj5FvSg==

mnemonist@0.38.3:
  version "0.38.3"
  resolved "https://registry.yarnpkg.com/mnemonist/-/mnemonist-0.38.3.tgz#35ec79c1c1f4357cfda2fe264659c2775ccd7d9d"
  integrity sha512-2K9QYubXx/NAjv4VLq1d1Ly8pWNC5L3BrixtdkyTegXWJIqY+zLNDhhX/A+ZwWt70tB1S8H4BE8FLYEFyNoOBw==
  dependencies:
    obliterator "^1.6.1"

obliterator@^1.6.1:
  version "1.6.1"
  resolved "https://registry.yarnpkg.com/obliterator/-/obliterator-1.6.1.tgz#dea03e8ab821f6c4d96a299e17aef6a3af994ef3"
  integrity sha512-9WXswnqINnnhOG/5SLimUlzuU1hFJUc8zkwyD59Sd+dPOMf05PmnYG/d6Q7HZ+KmgkZJa1PxRso6QdM3sTNHig==

serverless-iam-roles-per-function@^3.2.0:
  version "3.2.0"
  resolved "https://registry.yarnpkg.com/serverless-iam-roles-per-function/-/serverless-iam-roles-per-function-3.2.0.tgz#8bb5f68e73f391ac8ff9809b8e7726e5bafba4c4"
  integrity sha512-AXmxACHEUsDcFDcv8QNwDgn2L0brRJ7pz/phD3lFB/wQ3TtPJkorC+J7PxgFQbaWIQk15EIlU83BtKXeQoPTAg==
  dependencies:
    lodash "^4.17.20"

tslib@^1.11.1:
  version "1.14.1"
  resolved "https://registry.yarnpkg.com/tslib/-/tslib-1.14.1.tgz#cf2d38bdc34a134bcaf1091c41f6619e2f672d00"
  integrity sha512-Xni35NKzjgMrwevysHTCArtLDpPvye8zV/0E4EyYn43P7/7qvQwPh9BGkHewbMulVntbigmcT7rdX3BNo9wRJg==

tslib@^2.3.1:
  version "2.4.0"
  resolved "https://registry.yarnpkg.com/tslib/-/tslib-2.4.0.tgz#7cecaa7f073ce680a05847aa77be941098f36dc3"
  integrity sha512-d6xOpEDfsi2CZVlPQzGeux8XMwLT9hssAsaPYExaQMuYskwb+x1x7J371tWlbBdWHroy99KnVB6qIkUbs5X3UQ==

uuid@^8.3.2:
  version "8.3.2"
  resolved "https://registry.yarnpkg.com/uuid/-/uuid-8.3.2.tgz#80d5b5ced271bb9af6c445f21a1a04c606cefbe2"
  integrity sha512-+NYs2QeMWy+GWFOEm9xnn6HCDp0l7QBD7ml8zLUmJ+93Q5NF0NocErnwkTkXVFNiX3/fpC6afS8Dhb/gz7R7eg==
